// !$*UTF8*$!
{
	archiveVersion = 1;
	classes = {
	};
	objectVersion = 48;
	objects = {

/* Begin PBXBuildFile section */
		80E2AB1D20562565000DCC68 /* AppDelegate.swift in Sources */ = {isa = PBXBuildFile; fileRef = 80E2AB1C20562565000DCC68 /* AppDelegate.swift */; };
		80E2AB1F20562565000DCC68 /* ViewController.swift in Sources */ = {isa = PBXBuildFile; fileRef = 80E2AB1E20562565000DCC68 /* ViewController.swift */; };
		80E2AB2220562565000DCC68 /* Main.storyboard in Resources */ = {isa = PBXBuildFile; fileRef = 80E2AB2020562565000DCC68 /* Main.storyboard */; };
		80E2AB2420562565000DCC68 /* Assets.xcassets in Resources */ = {isa = PBXBuildFile; fileRef = 80E2AB2320562565000DCC68 /* Assets.xcassets */; };
		80E2AB2720562565000DCC68 /* LaunchScreen.storyboard in Resources */ = {isa = PBXBuildFile; fileRef = 80E2AB2520562565000DCC68 /* LaunchScreen.storyboard */; };
		80E2AB2F20562571000DCC68 /* JMPublishProgressView.swift in Sources */ = {isa = PBXBuildFile; fileRef = 80E2AB2E20562571000DCC68 /* JMPublishProgressView.swift */; };
		80E2AB312056272D000DCC68 /* UIColor+Extension.swift in Sources */ = {isa = PBXBuildFile; fileRef = 80E2AB302056272D000DCC68 /* UIColor+Extension.swift */; };
/* End PBXBuildFile section */

/* Begin PBXFileReference section */
		80E2AB1920562565000DCC68 /* JMPublishProgressView.app */ = {isa = PBXFileReference; explicitFileType = wrapper.application; includeInIndex = 0; path = JMPublishProgressView.app; sourceTree = BUILT_PRODUCTS_DIR; };
		80E2AB1C20562565000DCC68 /* AppDelegate.swift */ = {isa = PBXFileReference; lastKnownFileType = sourcecode.swift; path = AppDelegate.swift; sourceTree = "<group>"; };
		80E2AB1E20562565000DCC68 /* ViewController.swift */ = {isa = PBXFileReference; lastKnownFileType = sourcecode.swift; path = ViewController.swift; sourceTree = "<group>"; };
		80E2AB2120562565000DCC68 /* Base */ = {isa = PBXFileReference; lastKnownFileType = file.storyboard; name = Base; path = Base.lproj/Main.storyboard; sourceTree = "<group>"; };
		80E2AB2320562565000DCC68 /* Assets.xcassets */ = {isa = PBXFileReference; lastKnownFileType = folder.assetcatalog; path = Assets.xcassets; sourceTree = "<group>"; };
		80E2AB2620562565000DCC68 /* Base */ = {isa = PBXFileReference; lastKnownFileType = file.storyboard; name = Base; path = Base.lproj/LaunchScreen.storyboard; sourceTree = "<group>"; };
		80E2AB2820562565000DCC68 /* Info.plist */ = {isa = PBXFileReference; lastKnownFileType = text.plist.xml; path = Info.plist; sourceTree = "<group>"; };
		80E2AB2E20562571000DCC68 /* JMPublishProgressView.swift */ = {isa = PBXFileReference; fileEncoding = 4; lastKnownFileType = sourcecode.swift; path = JMPublishProgressView.swift; sourceTree = "<group>"; };
		80E2AB302056272D000DCC68 /* UIColor+Extension.swift */ = {isa = PBXFileReference; fileEncoding = 4; lastKnownFileType = sourcecode.swift; path = "UIColor+Extension.swift"; sourceTree = "<group>"; };
/* End PBXFileReference section */

/* Begin PBXFrameworksBuildPhase section */
		80E2AB1620562565000DCC68 /* Frameworks */ = {
			isa = PBXFrameworksBuildPhase;
			buildActionMask = 2147483647;
			files = (
			);
			runOnlyForDeploymentPostprocessing = 0;
		};
/* End PBXFrameworksBuildPhase section */

/* Begin PBXGroup section */
		80E2AB1020562565000DCC68 = {
			isa = PBXGroup;
			children = (
				80E2AB1B20562565000DCC68 /* JMPublishProgressView */,
				80E2AB1A20562565000DCC68 /* Products */,
			);
			sourceTree = "<group>";
		};
		80E2AB1A20562565000DCC68 /* Products */ = {
			isa = PBXGroup;
			children = (
				80E2AB1920562565000DCC68 /* JMPublishProgressView.app */,
			);
			name = Products;
			sourceTree = "<group>";
		};
		80E2AB1B20562565000DCC68 /* JMPublishProgressView */ = {
			isa = PBXGroup;
			children = (
				80E2AB1C20562565000DCC68 /* AppDelegate.swift */,
				80E2AB1E20562565000DCC68 /* ViewController.swift */,
				80E2AB2E20562571000DCC68 /* JMPublishProgressView.swift */,
				80E2AB302056272D000DCC68 /* UIColor+Extension.swift */,
				80E2AB2020562565000DCC68 /* Main.storyboard */,
				80E2AB2320562565000DCC68 /* Assets.xcassets */,
				80E2AB2520562565000DCC68 /* LaunchScreen.storyboard */,
				80E2AB2820562565000DCC68 /* Info.plist */,
			);
			path = JMPublishProgressView;
			sourceTree = "<group>";
		};
/* End PBXGroup section */

/* Begin PBXNativeTarget section */
		80E2AB1820562565000DCC68 /* JMPublishProgressView */ = {
			isa = PBXNativeTarget;
			buildConfigurationList = 80E2AB2B20562565000DCC68 /* Build configuration list for PBXNativeTarget "JMPublishProgressView" */;
			buildPhases = (
				80E2AB1520562565000DCC68 /* Sources */,
				80E2AB1620562565000DCC68 /* Frameworks */,
				80E2AB1720562565000DCC68 /* Resources */,
			);
			buildRules = (
			);
			dependencies = (
			);
			name = JMPublishProgressView;
			productName = JMPublishProgressView;
			productReference = 80E2AB1920562565000DCC68 /* JMPublishProgressView.app */;
			productType = "com.apple.product-type.application";
		};
/* End PBXNativeTarget section */

/* Begin PBXProject section */
		80E2AB1120562565000DCC68 /* Project object */ = {
			isa = PBXProject;
			attributes = {
				LastSwiftUpdateCheck = 0920;
				LastUpgradeCheck = 0920;
				ORGANIZATIONNAME = CXY;
				TargetAttributes = {
					80E2AB1820562565000DCC68 = {
						CreatedOnToolsVersion = 9.2;
						ProvisioningStyle = Automatic;
					};
				};
			};
			buildConfigurationList = 80E2AB1420562565000DCC68 /* Build configuration list for PBXProject "JMPublishProgressView" */;
			compatibilityVersion = "Xcode 8.0";
			developmentRegion = en;
			hasScannedForEncodings = 0;
			knownRegions = (
				en,
				Base,
			);
			mainGroup = 80E2AB1020562565000DCC68;
			productRefGroup = 80E2AB1A20562565000DCC68 /* Products */;
			projectDirPath = "";
			projectRoot = "";
			targets = (
				80E2AB1820562565000DCC68 /* JMPublishProgressView */,
			);
		};
/* End PBXProject section */

/* Begin PBXResourcesBuildPhase section */
		80E2AB1720562565000DCC68 /* Resources */ = {
			isa = PBXResourcesBuildPhase;
			buildActionMask = 2147483647;
			files = (
				80E2AB2720562565000DCC68 /* LaunchScreen.storyboard in Resources */,
				80E2AB2420562565000DCC68 /* Assets.xcassets in Resources */,
				80E2AB2220562565000DCC68 /* Main.storyboard in Resources */,
			);
			runOnlyForDeploymentPostprocessing = 0;
		};
/* End PBXResourcesBuildPhase section */

/* Begin PBXSourcesBuildPhase section */
		80E2AB1520562565000DCC68 /* Sources */ = {
			isa = PBXSourcesBuildPhase;
			buildActionMask = 2147483647;
			files = (
				80E2AB1F20562565000DCC68 /* ViewController.swift in Sources */,
				80E2AB1D20562565000DCC68 /* AppDelegate.swift in Sources */,
				80E2AB2F20562571000DCC68 /* JMPublishProgressView.swift in Sources */,
				80E2AB312056272D000DCC68 /* UIColor+Extension.swift in Sources */,
			);
			runOnlyForDeploymentPostprocessing = 0;
		};
/* End PBXSourcesBuildPhase section */

/* Begin PBXVariantGroup section */
		80E2AB2020562565000DCC68 /* Main.storyboard */ = {
			isa = PBXVariantGroup;
			children = (
				80E2AB2120562565000DCC68 /* Base */,
			);
			name = Main.storyboard;
			sourceTree = "<group>";
		};
		80E2AB2520562565000DCC68 /* LaunchScreen.storyboard */ = {
			isa = PBXVariantGroup;
			children = (
				80E2AB2620562565000DCC68 /* Base */,
			);
			name = LaunchScreen.storyboard;
			sourceTree = "<group>";
		};
/* End PBXVariantGroup section */

/* Begin XCBuildConfiguration section */
		80E2AB2920562565000DCC68 /* Debug */ = {
			isa = XCBuildConfiguration;
			buildSettings = {
				ALWAYS_SEARCH_USER_PATHS = NO;
				CLANG_ANALYZER_NONNULL = YES;
				CLANG_ANALYZER_NUMBER_OBJECT_CONVERSION = YES_AGGRESSIVE;
				CLANG_CXX_LANGUAGE_STANDARD = "gnu++14";
				CLANG_CXX_LIBRARY = "libc++";
				CLANG_ENABLE_MODULES = YES;
				CLANG_ENABLE_OBJC_ARC = YES;
				CLANG_WARN_BLOCK_CAPTURE_AUTORELEASING = YES;
				CLANG_WARN_BOOL_CONVERSION = YES;
				CLANG_WARN_COMMA = YES;
				CLANG_WARN_CONSTANT_CONVERSION = YES;
				CLANG_WARN_DIRECT_OBJC_ISA_USAGE = YES_ERROR;
				CLANG_WARN_DOCUMENTATION_COMMENTS = YES;
				CLANG_WARN_EMPTY_BODY = YES;
				CLANG_WARN_ENUM_CONVERSION = YES;
				CLANG_WARN_INFINITE_RECURSION = YES;
				CLANG_WARN_INT_CONVERSION = YES;
				CLANG_WARN_NON_LITERAL_NULL_CONVERSION = YES;
				CLANG_WARN_OBJC_LITERAL_CONVERSION = YES;
				CLANG_WARN_OBJC_ROOT_CLASS = YES_ERROR;
				CLANG_WARN_RANGE_LOOP_ANALYSIS = YES;
				CLANG_WARN_STRICT_PROTOTYPES = YES;
				CLANG_WARN_SUSPICIOUS_MOVE = YES;
				CLANG_WARN_UNGUARDED_AVAILABILITY = YES_AGGRESSIVE;
				CLANG_WARN_UNREACHABLE_CODE = YES;
				CLANG_WARN__DUPLICATE_METHOD_MATCH = YES;
				CODE_SIGN_IDENTITY = "iPhone Developer";
				COPY_PHASE_STRIP = NO;
				DEBUG_INFORMATION_FORMAT = dwarf;
				ENABLE_STRICT_OBJC_MSGSEND = YES;
				ENABLE_TESTABILITY = YES;
				GCC_C_LANGUAGE_STANDARD = gnu11;
				GCC_DYNAMIC_NO_PIC = NO;
				GCC_NO_COMMON_BLOCKS = YES;
				GCC_OPTIMIZATION_LEVEL = 0;
				GCC_PREPROCESSOR_DEFINITIONS = (
					"DEBUG=1",
					"$(inherited)",
				);
				GCC_WARN_64_TO_32_BIT_CONVERSION = YES;
				GCC_WARN_ABOUT_RETURN_TYPE = YES_ERROR;
				GCC_WARN_UNDECLARED_SELECTOR = YES;
				GCC_WARN_UNINITIALIZED_AUTOS = YES_AGGRESSIVE;
				GCC_WARN_UNUSED_FUNCTION = YES;
				GCC_WARN_UNUSED_VARIABLE = YES;
				IPHONEOS_DEPLOYMENT_TARGET = 11.2;
				MTL_ENABLE_DEBUG_INFO = YES;
				ONLY_ACTIVE_ARCH = YES;
				SDKROOT = iphoneos;
				SWIFT_ACTIVE_COMPILATION_CONDITIONS = DEBUG;
				SWIFT_OPTIMIZATION_LEVEL = "-Onone";
			};
			name = Debug;
		};
		80E2AB2A20562565000DCC68 /* Release */ = {
			isa = XCBuildConfiguration;
			buildSettings = {
				ALWAYS_SEARCH_USER_PATHS = NO;
				CLANG_ANALYZER_NONNULL = YES;
				CLANG_ANALYZER_NUMBER_OBJECT_CONVERSION = YES_AGGRESSIVE;
				CLANG_CXX_LANGUAGE_STANDARD = "gnu++14";
				CLANG_CXX_LIBRARY = "libc++";
				CLANG_ENABLE_MODULES = YES;
				CLANG_ENABLE_OBJC_ARC = YES;
				CLANG_WARN_BLOCK_CAPTURE_AUTORELEASING = YES;
				CLANG_WARN_BOOL_CONVERSION = YES;
				CLANG_WARN_COMMA = YES;
				CLANG_WARN_CONSTANT_CONVERSION = YES;
				CLANG_WARN_DIRECT_OBJC_ISA_USAGE = YES_ERROR;
				CLANG_WARN_DOCUMENTATION_COMMENTS = YES;
				CLANG_WARN_EMPTY_BODY = YES;
				CLANG_WARN_ENUM_CONVERSION = YES;
				CLANG_WARN_INFINITE_RECURSION = YES;
				CLANG_WARN_INT_CONVERSION = YES;
				CLANG_WARN_NON_LITERAL_NULL_CONVERSION = YES;
				CLANG_WARN_OBJC_LITERAL_CONVERSION = YES;
				CLANG_WARN_OBJC_ROOT_CLASS = YES_ERROR;
				CLANG_WARN_RANGE_LOOP_ANALYSIS = YES;
				CLANG_WARN_STRICT_PROTOTYPES = YES;
				CLANG_WARN_SUSPICIOUS_MOVE = YES;
				CLANG_WARN_UNGUARDED_AVAILABILITY = YES_AGGRESSIVE;
				CLANG_WARN_UNREACHABLE_CODE = YES;
				CLANG_WARN__DUPLICATE_METHOD_MATCH = YES;
				CODE_SIGN_IDENTITY = "iPhone Developer";
				COPY_PHASE_STRIP = NO;
				DEBUG_INFORMATION_FORMAT = "dwarf-with-dsym";
				ENABLE_NS_ASSERTIONS = NO;
				ENABLE_STRICT_OBJC_MSGSEND = YES;
				GCC_C_LANGUAGE_STANDARD = gnu11;
				GCC_NO_COMMON_BLOCKS = YES;
				GCC_WARN_64_TO_32_BIT_CONVERSION = YES;
				GCC_WARN_ABOUT_RETURN_TYPE = YES_ERROR;
				GCC_WARN_UNDECLARED_SELECTOR = YES;
				GCC_WARN_UNINITIALIZED_AUTOS = YES_AGGRESSIVE;
				GCC_WARN_UNUSED_FUNCTION = YES;
				GCC_WARN_UNUSED_VARIABLE = YES;
				IPHONEOS_DEPLOYMENT_TARGET = 11.2;
				MTL_ENABLE_DEBUG_INFO = NO;
				SDKROOT = iphoneos;
				SWIFT_OPTIMIZATION_LEVEL = "-Owholemodule";
				VALIDATE_PRODUCT = YES;
			};
			name = Release;
		};
		80E2AB2C20562565000DCC68 /* Debug */ = {
			isa = XCBuildConfiguration;
			buildSettings = {
				ASSETCATALOG_COMPILER_APPICON_NAME = AppIcon;
				CODE_SIGN_STYLE = Automatic;
				DEVELOPMENT_TEAM = GLWCRSS83U;
				INFOPLIST_FILE = JMPublishProgressView/Info.plist;
				IPHONEOS_DEPLOYMENT_TARGET = 9.0;
				LD_RUNPATH_SEARCH_PATHS = "$(inherited) @executable_path/Frameworks";
				PRODUCT_BUNDLE_IDENTIFIER = com.ubtech.JMPublishProgressView;
				PRODUCT_NAME = "$(TARGET_NAME)";
				SWIFT_VERSION = 4.0;
				TARGETED_DEVICE_FAMILY = "1,2";
			};
			name = Debug;
		};
		80E2AB2D20562565000DCC68 /* Release */ = {
			isa = XCBuildConfiguration;
			buildSettings = {
				ASSETCATALOG_COMPILER_APPICON_NAME = AppIcon;
				CODE_SIGN_STYLE = Automatic;
				DEVELOPMENT_TEAM = GLWCRSS83U;
				INFOPLIST_FILE = JMPublishProgressView/Info.plist;
				IPHONEOS_DEPLOYMENT_TARGET = 9.0;
				LD_RUNPATH_SEARCH_PATHS = "$(inherited) @executable_path/Frameworks";
				PRODUCT_BUNDLE_IDENTIFIER = com.ubtech.JMPublishProgressView;
				PRODUCT_NAME = "$(TARGET_NAME)";
				SWIFT_VERSION = 4.0;
				TARGETED_DEVICE_FAMILY = "1,2";
			};
			name = Release;
		};
/* End XCBuildConfiguration section */

/* Begin XCConfigurationList section */
		80E2AB1420562565000DCC68 /* Build configuration list for PBXProject "JMPublishProgressView" */ = {
			isa = XCConfigurationList;
			buildConfigurations = (
				80E2AB2920562565000DCC68 /* Debug */,
				80E2AB2A20562565000DCC68 /* Release */,
			);
			defaultConfigurationIsVisible = 0;
			defaultConfigurationName = Release;
		};
		80E2AB2B20562565000DCC68 /* Build configuration list for PBXNativeTarget "JMPublishProgressView" */ = {
			isa = XCConfigurationList;
			buildConfigurations = (
				80E2AB2C20562565000DCC68 /* Debug */,
				80E2AB2D20562565000DCC68 /* Release */,
			);
			defaultConfigurationIsVisible = 0;
			defaultConfigurationName = Release;
		};
/* End XCConfigurationList section */
	};
	rootObject = 80E2AB1120562565000DCC68 /* Project object */;
}
